
Microsoft Visual Studio Solution File, Format Version 12.00
# Visual Studio Version 17
VisualStudioVersion = 17.10.35004.147
MinimumVisualStudioVersion = 10.0.40219.1
Project("{FAE04EC0-301F-11D3-BF4B-00C04F79EFBC}") = "Shopping_API_Jueves_práctica", "Shopping_API_Jueves_práctica\Shopping_API_Jueves_práctica.csproj", "{419C02C2-4ADB-4203-9E0C-8610DDFF4D82}"
EndProject
Global
	GlobalSection(SolutionConfigurationPlatforms) = preSolution
		Debug|Any CPU = Debug|Any CPU
		Release|Any CPU = Release|Any CPU
	EndGlobalSection
	GlobalSection(ProjectConfigurationPlatforms) = postSolution
		{419C02C2-4ADB-4203-9E0C-8610DDFF4D82}.Debug|Any CPU.ActiveCfg = Debug|Any CPU
		{419C02C2-4ADB-4203-9E0C-8610DDFF4D82}.Debug|Any CPU.Build.0 = Debug|Any CPU
		{419C02C2-4ADB-4203-9E0C-8610DDFF4D82}.Release|Any CPU.ActiveCfg = Release|Any CPU
		{419C02C2-4ADB-4203-9E0C-8610DDFF4D82}.Release|Any CPU.Build.0 = Release|Any CPU
	EndGlobalSection
	GlobalSection(SolutionProperties) = preSolution
		HideSolutionNode = FALSE
	EndGlobalSection
	GlobalSection(ExtensibilityGlobals) = postSolution
		SolutionGuid = {19F42F2A-3AA5-44CD-BD41-4A759B9D9A96}
	EndGlobalSection
EndGlobal
